
Microsoft Visual Studio Solution File, Format Version 12.00
# Visual Studio Version 17
VisualStudioVersion = 17.9.34607.119
MinimumVisualStudioVersion = 10.0.40219.1
Project("{FAE04EC0-301F-11D3-BF4B-00C04F79EFBC}") = "TaskTrackerFunction", "TaskTrackerFunction\TaskTrackerFunction.csproj", "{510F27AE-169F-451B-9AD3-90B5D90200D2}"
EndProject
Global
	GlobalSection(SolutionConfigurationPlatforms) = preSolution
		Debug|Any CPU = Debug|Any CPU
		Release|Any CPU = Release|Any CPU
	EndGlobalSection
	GlobalSection(ProjectConfigurationPlatforms) = postSolution
		{510F27AE-169F-451B-9AD3-90B5D90200D2}.Debug|Any CPU.ActiveCfg = Debug|Any CPU
		{510F27AE-169F-451B-9AD3-90B5D90200D2}.Debug|Any CPU.Build.0 = Debug|Any CPU
		{510F27AE-169F-451B-9AD3-90B5D90200D2}.Release|Any CPU.ActiveCfg = Release|Any CPU
		{510F27AE-169F-451B-9AD3-90B5D90200D2}.Release|Any CPU.Build.0 = Release|Any CPU
	EndGlobalSection
	GlobalSection(SolutionProperties) = preSolution
		HideSolutionNode = FALSE
	EndGlobalSection
	GlobalSection(ExtensibilityGlobals) = postSolution
		SolutionGuid = {8F3B70D1-FE99-40FC-A5AD-22651A7292F3}
	EndGlobalSection
EndGlobal
